
Microsoft Visual Studio Solution File, Format Version 12.00
# Visual Studio 14
VisualStudioVersion = 14.0.25123.0
MinimumVisualStudioVersion = 10.0.40219.1
Project("{FAE04EC0-301F-11D3-BF4B-00C04F79EFBC}") = "TaskManager.Common", "TaskManager.Common\TaskManager.Common.csproj", "{2EA38C6C-AF4B-44D0-94F1-2A77B8838275}"
EndProject
Project("{2150E333-8FDC-42A3-9474-1A3956D46DE8}") = "Samples", "Samples", "{DBC86DDA-B58A-4AF0-90BB-E3EBB8FB3853}"
	ProjectSection(SolutionItems) = preProject
		Samples\Tasks.db = Samples\Tasks.db
	EndProjectSection
EndProject
Project("{FAE04EC0-301F-11D3-BF4B-00C04F79EFBC}") = "TaskManager.Desktop.WPF", "TaskManager.Desktop.WPF\TaskManager.Desktop.WPF.csproj", "{CCE68DC2-56F7-417B-A1C8-D665459544A3}"
EndProject
Project("{FAE04EC0-301F-11D3-BF4B-00C04F79EFBC}") = "TaskManager.Desktop.WinForms", "TaskManager.Desktop.WinForms\TaskManager.Desktop.WinForms.csproj", "{9EFD5E66-D107-4E6F-8361-58348FCBBD8F}"
EndProject
Project("{FAE04EC0-301F-11D3-BF4B-00C04F79EFBC}") = "TaskManager.Android", "TaskManager.Android\TaskManager.Android.csproj", "{9A46026E-3A8C-4DBC-B075-879D099D6A0D}"
EndProject
Project("{D954291E-2A0B-460D-934E-DC6B0785DB48}") = "Utilities", "..\[Shared]\Utilities\Utilities.shproj", "{6D77D9F7-85BB-45EA-A467-8AC2882608D0}"
EndProject
Project("{2150E333-8FDC-42A3-9474-1A3956D46DE8}") = "[Shared]", "[Shared]", "{9945E0D0-2CCF-43ED-8838-F3EA0F9388E9}"
EndProject
Project("{D954291E-2A0B-460D-934E-DC6B0785DB48}") = "WinForms", "..\[Shared]\WinForms\WinForms.shproj", "{4B6ED6E0-CA5E-4CE1-AD7A-B9F159949534}"
EndProject
Project("{D954291E-2A0B-460D-934E-DC6B0785DB48}") = "TaskManager.Shared", "TaskManager.Shared\TaskManager.Shared.shproj", "{38212B47-57A8-445F-B0C6-70EC37212F86}"
EndProject
Project("{D954291E-2A0B-460D-934E-DC6B0785DB48}") = "WPF", "..\[Shared]\WPF\WPF.shproj", "{6AB891FB-9B1A-4C9F-AEAD-02EEFB436F1F}"
EndProject
Project("{D954291E-2A0B-460D-934E-DC6B0785DB48}") = "Android", "..\[Shared]\Android\Android.shproj", "{E62A7BA6-14A0-4DE8-927F-4A9AF4279FF3}"
EndProject
Project("{D954291E-2A0B-460D-934E-DC6B0785DB48}") = "Model", "..\[Shared]\Model\Model.shproj", "{D5B52328-DCFC-4E39-A343-678E4C9212CB}"
EndProject
Global
	GlobalSection(SharedMSBuildProjectFiles) = preSolution
		..\[Shared]\Android\Android.projitems*{e62a7ba6-14a0-4de8-927f-4a9af4279ff3}*SharedItemsImports = 13
		..\[Shared]\WPF\WPF.projitems*{6ab891fb-9b1a-4c9f-aead-02eefb436f1f}*SharedItemsImports = 13
		..\[Shared]\Utilities\Utilities.projitems*{9efd5e66-d107-4e6f-8361-58348fcbbd8f}*SharedItemsImports = 4
		..\[Shared]\Model\Model.projitems*{9efd5e66-d107-4e6f-8361-58348fcbbd8f}*SharedItemsImports = 4
		TaskManager.Shared\TaskManager.Shared.projitems*{9efd5e66-d107-4e6f-8361-58348fcbbd8f}*SharedItemsImports = 4
		..\[Shared]\WinForms\WinForms.projitems*{9efd5e66-d107-4e6f-8361-58348fcbbd8f}*SharedItemsImports = 4
		TaskManager.Shared\TaskManager.Shared.projitems*{38212b47-57a8-445f-b0c6-70ec37212f86}*SharedItemsImports = 13
		..\[Shared]\Android\Android.projitems*{9a46026e-3a8c-4dbc-b075-879d099d6a0d}*SharedItemsImports = 4
		..\[Shared]\Utilities\Utilities.projitems*{9a46026e-3a8c-4dbc-b075-879d099d6a0d}*SharedItemsImports = 4
		TaskManager.Shared\TaskManager.Shared.projitems*{9a46026e-3a8c-4dbc-b075-879d099d6a0d}*SharedItemsImports = 4
		..\[Shared]\WinForms\WinForms.projitems*{4b6ed6e0-ca5e-4ce1-ad7a-b9f159949534}*SharedItemsImports = 13
		..\[Shared]\WPF\WPF.projitems*{cce68dc2-56f7-417b-a1c8-d665459544a3}*SharedItemsImports = 4
		..\[Shared]\Utilities\Utilities.projitems*{6d77d9f7-85bb-45ea-a467-8ac2882608d0}*SharedItemsImports = 13
		..\[Shared]\Model\Model.projitems*{d5b52328-dcfc-4e39-a343-678e4c9212cb}*SharedItemsImports = 13
	EndGlobalSection
	GlobalSection(SolutionConfigurationPlatforms) = preSolution
		Ad-Hoc|Any CPU = Ad-Hoc|Any CPU
		Ad-Hoc|ARM = Ad-Hoc|ARM
		Ad-Hoc|ARM64 = Ad-Hoc|ARM64
		Ad-Hoc|iPhone = Ad-Hoc|iPhone
		Ad-Hoc|iPhoneSimulator = Ad-Hoc|iPhoneSimulator
		Ad-Hoc|x64 = Ad-Hoc|x64
		Ad-Hoc|x86 = Ad-Hoc|x86
		AppStore|Any CPU = AppStore|Any CPU
		AppStore|ARM = AppStore|ARM
		AppStore|ARM64 = AppStore|ARM64
		AppStore|iPhone = AppStore|iPhone
		AppStore|iPhoneSimulator = AppStore|iPhoneSimulator
		AppStore|x64 = AppStore|x64
		AppStore|x86 = AppStore|x86
		Debug|Any CPU = Debug|Any CPU
		Debug|ARM = Debug|ARM
		Debug|ARM64 = Debug|ARM64
		Debug|iPhone = Debug|iPhone
		Debug|iPhoneSimulator = Debug|iPhoneSimulator
		Debug|x64 = Debug|x64
		Debug|x86 = Debug|x86
		Release|Any CPU = Release|Any CPU
		Release|ARM = Release|ARM
		Release|ARM64 = Release|ARM64
		Release|iPhone = Release|iPhone
		Release|iPhoneSimulator = Release|iPhoneSimulator
		Release|x64 = Release|x64
		Release|x86 = Release|x86
	EndGlobalSection
	GlobalSection(ProjectConfigurationPlatforms) = postSolution
		{2EA38C6C-AF4B-44D0-94F1-2A77B8838275}.Ad-Hoc|Any CPU.ActiveCfg = Release|Any CPU
		{2EA38C6C-AF4B-44D0-94F1-2A77B8838275}.Ad-Hoc|Any CPU.Build.0 = Release|Any CPU
		{2EA38C6C-AF4B-44D0-94F1-2A77B8838275}.Ad-Hoc|ARM.ActiveCfg = Release|Any CPU
		{2EA38C6C-AF4B-44D0-94F1-2A77B8838275}.Ad-Hoc|ARM.Build.0 = Release|Any CPU
		{2EA38C6C-AF4B-44D0-94F1-2A77B8838275}.Ad-Hoc|ARM64.ActiveCfg = Release|Any CPU
		{2EA38C6C-AF4B-44D0-94F1-2A77B8838275}.Ad-Hoc|ARM64.Build.0 = Release|Any CPU
		{2EA38C6C-AF4B-44D0-94F1-2A77B8838275}.Ad-Hoc|iPhone.ActiveCfg = Release|Any CPU
		{2EA38C6C-AF4B-44D0-94F1-2A77B8838275}.Ad-Hoc|iPhone.Build.0 = Release|Any CPU
		{2EA38C6C-AF4B-44D0-94F1-2A77B8838275}.Ad-Hoc|iPhoneSimulator.ActiveCfg = Release|Any CPU
		{2EA38C6C-AF4B-44D0-94F1-2A77B8838275}.Ad-Hoc|iPhoneSimulator.Build.0 = Release|Any CPU
		{2EA38C6C-AF4B-44D0-94F1-2A77B8838275}.Ad-Hoc|x64.ActiveCfg = Release|Any CPU
		{2EA38C6C-AF4B-44D0-94F1-2A77B8838275}.Ad-Hoc|x64.Build.0 = Release|Any CPU
		{2EA38C6C-AF4B-44D0-94F1-2A77B8838275}.Ad-Hoc|x86.ActiveCfg = Release|Any CPU
		{2EA38C6C-AF4B-44D0-94F1-2A77B8838275}.Ad-Hoc|x86.Build.0 = Release|Any CPU
		{2EA38C6C-AF4B-44D0-94F1-2A77B8838275}.AppStore|Any CPU.ActiveCfg = Release|Any CPU
		{2EA38C6C-AF4B-44D0-94F1-2A77B8838275}.AppStore|Any CPU.Build.0 = Release|Any CPU
		{2EA38C6C-AF4B-44D0-94F1-2A77B8838275}.AppStore|ARM.ActiveCfg = Release|Any CPU
		{2EA38C6C-AF4B-44D0-94F1-2A77B8838275}.AppStore|ARM.Build.0 = Release|Any CPU
		{2EA38C6C-AF4B-44D0-94F1-2A77B8838275}.AppStore|ARM64.ActiveCfg = Release|Any CPU
		{2EA38C6C-AF4B-44D0-94F1-2A77B8838275}.AppStore|ARM64.Build.0 = Release|Any CPU
		{2EA38C6C-AF4B-44D0-94F1-2A77B8838275}.AppStore|iPhone.ActiveCfg = Release|Any CPU
		{2EA38C6C-AF4B-44D0-94F1-2A77B8838275}.AppStore|iPhone.Build.0 = Release|Any CPU
		{2EA38C6C-AF4B-44D0-94F1-2A77B8838275}.AppStore|iPhoneSimulator.ActiveCfg = Release|Any CPU
		{2EA38C6C-AF4B-44D0-94F1-2A77B8838275}.AppStore|iPhoneSimulator.Build.0 = Release|Any CPU
		{2EA38C6C-AF4B-44D0-94F1-2A77B8838275}.AppStore|x64.ActiveCfg = Release|Any CPU
		{2EA38C6C-AF4B-44D0-94F1-2A77B8838275}.AppStore|x64.Build.0 = Release|Any CPU
		{2EA38C6C-AF4B-44D0-94F1-2A77B8838275}.AppStore|x86.ActiveCfg = Release|Any CPU
		{2EA38C6C-AF4B-44D0-94F1-2A77B8838275}.AppStore|x86.Build.0 = Release|Any CPU
		{2EA38C6C-AF4B-44D0-94F1-2A77B8838275}.Debug|Any CPU.ActiveCfg = Debug|Any CPU
		{2EA38C6C-AF4B-44D0-94F1-2A77B8838275}.Debug|Any CPU.Build.0 = Debug|Any CPU
		{2EA38C6C-AF4B-44D0-94F1-2A77B8838275}.Debug|ARM.ActiveCfg = Debug|Any CPU
		{2EA38C6C-AF4B-44D0-94F1-2A77B8838275}.Debug|ARM.Build.0 = Debug|Any CPU
		{2EA38C6C-AF4B-44D0-94F1-2A77B8838275}.Debug|ARM64.ActiveCfg = Debug|Any CPU
		{2EA38C6C-AF4B-44D0-94F1-2A77B8838275}.Debug|ARM64.Build.0 = Debug|Any CPU
		{2EA38C6C-AF4B-44D0-94F1-2A77B8838275}.Debug|iPhone.ActiveCfg = Debug|Any CPU
		{2EA38C6C-AF4B-44D0-94F1-2A77B8838275}.Debug|iPhone.Build.0 = Debug|Any CPU
		{2EA38C6C-AF4B-44D0-94F1-2A77B8838275}.Debug|iPhoneSimulator.ActiveCfg = Debug|Any CPU
		{2EA38C6C-AF4B-44D0-94F1-2A77B8838275}.Debug|iPhoneSimulator.Build.0 = Debug|Any CPU
		{2EA38C6C-AF4B-44D0-94F1-2A77B8838275}.Debug|x64.ActiveCfg = Debug|Any CPU
		{2EA38C6C-AF4B-44D0-94F1-2A77B8838275}.Debug|x64.Build.0 = Debug|Any CPU
		{2EA38C6C-AF4B-44D0-94F1-2A77B8838275}.Debug|x86.ActiveCfg = Debug|Any CPU
		{2EA38C6C-AF4B-44D0-94F1-2A77B8838275}.Debug|x86.Build.0 = Debug|Any CPU
		{2EA38C6C-AF4B-44D0-94F1-2A77B8838275}.Release|Any CPU.ActiveCfg = Release|Any CPU
		{2EA38C6C-AF4B-44D0-94F1-2A77B8838275}.Release|Any CPU.Build.0 = Release|Any CPU
		{2EA38C6C-AF4B-44D0-94F1-2A77B8838275}.Release|ARM.ActiveCfg = Release|Any CPU
		{2EA38C6C-AF4B-44D0-94F1-2A77B8838275}.Release|ARM.Build.0 = Release|Any CPU
		{2EA38C6C-AF4B-44D0-94F1-2A77B8838275}.Release|ARM64.ActiveCfg = Release|Any CPU
		{2EA38C6C-AF4B-44D0-94F1-2A77B8838275}.Release|ARM64.Build.0 = Release|Any CPU
		{2EA38C6C-AF4B-44D0-94F1-2A77B8838275}.Release|iPhone.ActiveCfg = Release|Any CPU
		{2EA38C6C-AF4B-44D0-94F1-2A77B8838275}.Release|iPhone.Build.0 = Release|Any CPU
		{2EA38C6C-AF4B-44D0-94F1-2A77B8838275}.Release|iPhoneSimulator.ActiveCfg = Release|Any CPU
		{2EA38C6C-AF4B-44D0-94F1-2A77B8838275}.Release|iPhoneSimulator.Build.0 = Release|Any CPU
		{2EA38C6C-AF4B-44D0-94F1-2A77B8838275}.Release|x64.ActiveCfg = Release|Any CPU
		{2EA38C6C-AF4B-44D0-94F1-2A77B8838275}.Release|x64.Build.0 = Release|Any CPU
		{2EA38C6C-AF4B-44D0-94F1-2A77B8838275}.Release|x86.ActiveCfg = Release|Any CPU
		{2EA38C6C-AF4B-44D0-94F1-2A77B8838275}.Release|x86.Build.0 = Release|Any CPU
		{CCE68DC2-56F7-417B-A1C8-D665459544A3}.Ad-Hoc|Any CPU.ActiveCfg = Release|Any CPU
		{CCE68DC2-56F7-417B-A1C8-D665459544A3}.Ad-Hoc|Any CPU.Build.0 = Release|Any CPU
		{CCE68DC2-56F7-417B-A1C8-D665459544A3}.Ad-Hoc|ARM.ActiveCfg = Release|Any CPU
		{CCE68DC2-56F7-417B-A1C8-D665459544A3}.Ad-Hoc|ARM.Build.0 = Release|Any CPU
		{CCE68DC2-56F7-417B-A1C8-D665459544A3}.Ad-Hoc|ARM64.ActiveCfg = Release|Any CPU
		{CCE68DC2-56F7-417B-A1C8-D665459544A3}.Ad-Hoc|ARM64.Build.0 = Release|Any CPU
		{CCE68DC2-56F7-417B-A1C8-D665459544A3}.Ad-Hoc|iPhone.ActiveCfg = Release|Any CPU
		{CCE68DC2-56F7-417B-A1C8-D665459544A3}.Ad-Hoc|iPhone.Build.0 = Release|Any CPU
		{CCE68DC2-56F7-417B-A1C8-D665459544A3}.Ad-Hoc|iPhoneSimulator.ActiveCfg = Release|Any CPU
		{CCE68DC2-56F7-417B-A1C8-D665459544A3}.Ad-Hoc|iPhoneSimulator.Build.0 = Release|Any CPU
		{CCE68DC2-56F7-417B-A1C8-D665459544A3}.Ad-Hoc|x64.ActiveCfg = Release|Any CPU
		{CCE68DC2-56F7-417B-A1C8-D665459544A3}.Ad-Hoc|x64.Build.0 = Release|Any CPU
		{CCE68DC2-56F7-417B-A1C8-D665459544A3}.Ad-Hoc|x86.ActiveCfg = Release|Any CPU
		{CCE68DC2-56F7-417B-A1C8-D665459544A3}.Ad-Hoc|x86.Build.0 = Release|Any CPU
		{CCE68DC2-56F7-417B-A1C8-D665459544A3}.AppStore|Any CPU.ActiveCfg = Release|Any CPU
		{CCE68DC2-56F7-417B-A1C8-D665459544A3}.AppStore|Any CPU.Build.0 = Release|Any CPU
		{CCE68DC2-56F7-417B-A1C8-D665459544A3}.AppStore|ARM.ActiveCfg = Release|Any CPU
		{CCE68DC2-56F7-417B-A1C8-D665459544A3}.AppStore|ARM.Build.0 = Release|Any CPU
		{CCE68DC2-56F7-417B-A1C8-D665459544A3}.AppStore|ARM64.ActiveCfg = Release|Any CPU
		{CCE68DC2-56F7-417B-A1C8-D665459544A3}.AppStore|ARM64.Build.0 = Release|Any CPU
		{CCE68DC2-56F7-417B-A1C8-D665459544A3}.AppStore|iPhone.ActiveCfg = Release|Any CPU
		{CCE68DC2-56F7-417B-A1C8-D665459544A3}.AppStore|iPhone.Build.0 = Release|Any CPU
		{CCE68DC2-56F7-417B-A1C8-D665459544A3}.AppStore|iPhoneSimulator.ActiveCfg = Release|Any CPU
		{CCE68DC2-56F7-417B-A1C8-D665459544A3}.AppStore|iPhoneSimulator.Build.0 = Release|Any CPU
		{CCE68DC2-56F7-417B-A1C8-D665459544A3}.AppStore|x64.ActiveCfg = Release|Any CPU
		{CCE68DC2-56F7-417B-A1C8-D665459544A3}.AppStore|x64.Build.0 = Release|Any CPU
		{CCE68DC2-56F7-417B-A1C8-D665459544A3}.AppStore|x86.ActiveCfg = Release|Any CPU
		{CCE68DC2-56F7-417B-A1C8-D665459544A3}.AppStore|x86.Build.0 = Release|Any CPU
		{CCE68DC2-56F7-417B-A1C8-D665459544A3}.Debug|Any CPU.ActiveCfg = Debug|Any CPU
		{CCE68DC2-56F7-417B-A1C8-D665459544A3}.Debug|Any CPU.Build.0 = Debug|Any CPU
		{CCE68DC2-56F7-417B-A1C8-D665459544A3}.Debug|ARM.ActiveCfg = Debug|Any CPU
		{CCE68DC2-56F7-417B-A1C8-D665459544A3}.Debug|ARM.Build.0 = Debug|Any CPU
		{CCE68DC2-56F7-417B-A1C8-D665459544A3}.Debug|ARM64.ActiveCfg = Debug|Any CPU
		{CCE68DC2-56F7-417B-A1C8-D665459544A3}.Debug|ARM64.Build.0 = Debug|Any CPU
		{CCE68DC2-56F7-417B-A1C8-D665459544A3}.Debug|iPhone.ActiveCfg = Debug|Any CPU
		{CCE68DC2-56F7-417B-A1C8-D665459544A3}.Debug|iPhone.Build.0 = Debug|Any CPU
		{CCE68DC2-56F7-417B-A1C8-D665459544A3}.Debug|iPhoneSimulator.ActiveCfg = Debug|Any CPU
		{CCE68DC2-56F7-417B-A1C8-D665459544A3}.Debug|iPhoneSimulator.Build.0 = Debug|Any CPU
		{CCE68DC2-56F7-417B-A1C8-D665459544A3}.Debug|x64.ActiveCfg = Debug|Any CPU
		{CCE68DC2-56F7-417B-A1C8-D665459544A3}.Debug|x64.Build.0 = Debug|Any CPU
		{CCE68DC2-56F7-417B-A1C8-D665459544A3}.Debug|x86.ActiveCfg = Debug|Any CPU
		{CCE68DC2-56F7-417B-A1C8-D665459544A3}.Debug|x86.Build.0 = Debug|Any CPU
		{CCE68DC2-56F7-417B-A1C8-D665459544A3}.Release|Any CPU.ActiveCfg = Release|Any CPU
		{CCE68DC2-56F7-417B-A1C8-D665459544A3}.Release|Any CPU.Build.0 = Release|Any CPU
		{CCE68DC2-56F7-417B-A1C8-D665459544A3}.Release|ARM.ActiveCfg = Release|Any CPU
		{CCE68DC2-56F7-417B-A1C8-D665459544A3}.Release|ARM.Build.0 = Release|Any CPU
		{CCE68DC2-56F7-417B-A1C8-D665459544A3}.Release|ARM64.ActiveCfg = Release|Any CPU
		{CCE68DC2-56F7-417B-A1C8-D665459544A3}.Release|ARM64.Build.0 = Release|Any CPU
		{CCE68DC2-56F7-417B-A1C8-D665459544A3}.Release|iPhone.ActiveCfg = Release|Any CPU
		{CCE68DC2-56F7-417B-A1C8-D665459544A3}.Release|iPhone.Build.0 = Release|Any CPU
		{CCE68DC2-56F7-417B-A1C8-D665459544A3}.Release|iPhoneSimulator.ActiveCfg = Release|Any CPU
		{CCE68DC2-56F7-417B-A1C8-D665459544A3}.Release|iPhoneSimulator.Build.0 = Release|Any CPU
		{CCE68DC2-56F7-417B-A1C8-D665459544A3}.Release|x64.ActiveCfg = Release|Any CPU
		{CCE68DC2-56F7-417B-A1C8-D665459544A3}.Release|x64.Build.0 = Release|Any CPU
		{CCE68DC2-56F7-417B-A1C8-D665459544A3}.Release|x86.ActiveCfg = Release|Any CPU
		{CCE68DC2-56F7-417B-A1C8-D665459544A3}.Release|x86.Build.0 = Release|Any CPU
		{9EFD5E66-D107-4E6F-8361-58348FCBBD8F}.Ad-Hoc|Any CPU.ActiveCfg = Release|Any CPU
		{9EFD5E66-D107-4E6F-8361-58348FCBBD8F}.Ad-Hoc|Any CPU.Build.0 = Release|Any CPU
		{9EFD5E66-D107-4E6F-8361-58348FCBBD8F}.Ad-Hoc|ARM.ActiveCfg = Release|Any CPU
		{9EFD5E66-D107-4E6F-8361-58348FCBBD8F}.Ad-Hoc|ARM.Build.0 = Release|Any CPU
		{9EFD5E66-D107-4E6F-8361-58348FCBBD8F}.Ad-Hoc|ARM64.ActiveCfg = Release|Any CPU
		{9EFD5E66-D107-4E6F-8361-58348FCBBD8F}.Ad-Hoc|ARM64.Build.0 = Release|Any CPU
		{9EFD5E66-D107-4E6F-8361-58348FCBBD8F}.Ad-Hoc|iPhone.ActiveCfg = Release|Any CPU
		{9EFD5E66-D107-4E6F-8361-58348FCBBD8F}.Ad-Hoc|iPhone.Build.0 = Release|Any CPU
		{9EFD5E66-D107-4E6F-8361-58348FCBBD8F}.Ad-Hoc|iPhoneSimulator.ActiveCfg = Release|Any CPU
		{9EFD5E66-D107-4E6F-8361-58348FCBBD8F}.Ad-Hoc|iPhoneSimulator.Build.0 = Release|Any CPU
		{9EFD5E66-D107-4E6F-8361-58348FCBBD8F}.Ad-Hoc|x64.ActiveCfg = Release|Any CPU
		{9EFD5E66-D107-4E6F-8361-58348FCBBD8F}.Ad-Hoc|x64.Build.0 = Release|Any CPU
		{9EFD5E66-D107-4E6F-8361-58348FCBBD8F}.Ad-Hoc|x86.ActiveCfg = Release|Any CPU
		{9EFD5E66-D107-4E6F-8361-58348FCBBD8F}.Ad-Hoc|x86.Build.0 = Release|Any CPU
		{9EFD5E66-D107-4E6F-8361-58348FCBBD8F}.AppStore|Any CPU.ActiveCfg = Release|Any CPU
		{9EFD5E66-D107-4E6F-8361-58348FCBBD8F}.AppStore|Any CPU.Build.0 = Release|Any CPU
		{9EFD5E66-D107-4E6F-8361-58348FCBBD8F}.AppStore|ARM.ActiveCfg = Release|Any CPU
		{9EFD5E66-D107-4E6F-8361-58348FCBBD8F}.AppStore|ARM.Build.0 = Release|Any CPU
		{9EFD5E66-D107-4E6F-8361-58348FCBBD8F}.AppStore|ARM64.ActiveCfg = Release|Any CPU
		{9EFD5E66-D107-4E6F-8361-58348FCBBD8F}.AppStore|ARM64.Build.0 = Release|Any CPU
		{9EFD5E66-D107-4E6F-8361-58348FCBBD8F}.AppStore|iPhone.ActiveCfg = Release|Any CPU
		{9EFD5E66-D107-4E6F-8361-58348FCBBD8F}.AppStore|iPhone.Build.0 = Release|Any CPU
		{9EFD5E66-D107-4E6F-8361-58348FCBBD8F}.AppStore|iPhoneSimulator.ActiveCfg = Release|Any CPU
		{9EFD5E66-D107-4E6F-8361-58348FCBBD8F}.AppStore|iPhoneSimulator.Build.0 = Release|Any CPU
		{9EFD5E66-D107-4E6F-8361-58348FCBBD8F}.AppStore|x64.ActiveCfg = Release|Any CPU
		{9EFD5E66-D107-4E6F-8361-58348FCBBD8F}.AppStore|x64.Build.0 = Release|Any CPU
		{9EFD5E66-D107-4E6F-8361-58348FCBBD8F}.AppStore|x86.ActiveCfg = Release|Any CPU
		{9EFD5E66-D107-4E6F-8361-58348FCBBD8F}.AppStore|x86.Build.0 = Release|Any CPU
		{9EFD5E66-D107-4E6F-8361-58348FCBBD8F}.Debug|Any CPU.ActiveCfg = Debug|Any CPU
		{9EFD5E66-D107-4E6F-8361-58348FCBBD8F}.Debug|Any CPU.Build.0 = Debug|Any CPU
		{9EFD5E66-D107-4E6F-8361-58348FCBBD8F}.Debug|ARM.ActiveCfg = Debug|Any CPU
		{9EFD5E66-D107-4E6F-8361-58348FCBBD8F}.Debug|ARM.Build.0 = Debug|Any CPU
		{9EFD5E66-D107-4E6F-8361-58348FCBBD8F}.Debug|ARM64.ActiveCfg = Debug|Any CPU
		{9EFD5E66-D107-4E6F-8361-58348FCBBD8F}.Debug|ARM64.Build.0 = Debug|Any CPU
		{9EFD5E66-D107-4E6F-8361-58348FCBBD8F}.Debug|iPhone.ActiveCfg = Debug|Any CPU
		{9EFD5E66-D107-4E6F-8361-58348FCBBD8F}.Debug|iPhone.Build.0 = Debug|Any CPU
		{9EFD5E66-D107-4E6F-8361-58348FCBBD8F}.Debug|iPhoneSimulator.ActiveCfg = Debug|Any CPU
		{9EFD5E66-D107-4E6F-8361-58348FCBBD8F}.Debug|iPhoneSimulator.Build.0 = Debug|Any CPU
		{9EFD5E66-D107-4E6F-8361-58348FCBBD8F}.Debug|x64.ActiveCfg = Debug|Any CPU
		{9EFD5E66-D107-4E6F-8361-58348FCBBD8F}.Debug|x64.Build.0 = Debug|Any CPU
		{9EFD5E66-D107-4E6F-8361-58348FCBBD8F}.Debug|x86.ActiveCfg = Debug|Any CPU
		{9EFD5E66-D107-4E6F-8361-58348FCBBD8F}.Debug|x86.Build.0 = Debug|Any CPU
		{9EFD5E66-D107-4E6F-8361-58348FCBBD8F}.Release|Any CPU.ActiveCfg = Release|Any CPU
		{9EFD5E66-D107-4E6F-8361-58348FCBBD8F}.Release|Any CPU.Build.0 = Release|Any CPU
		{9EFD5E66-D107-4E6F-8361-58348FCBBD8F}.Release|ARM.ActiveCfg = Release|Any CPU
		{9EFD5E66-D107-4E6F-8361-58348FCBBD8F}.Release|ARM.Build.0 = Release|Any CPU
		{9EFD5E66-D107-4E6F-8361-58348FCBBD8F}.Release|ARM64.ActiveCfg = Release|Any CPU
		{9EFD5E66-D107-4E6F-8361-58348FCBBD8F}.Release|ARM64.Build.0 = Release|Any CPU
		{9EFD5E66-D107-4E6F-8361-58348FCBBD8F}.Release|iPhone.ActiveCfg = Release|Any CPU
		{9EFD5E66-D107-4E6F-8361-58348FCBBD8F}.Release|iPhone.Build.0 = Release|Any CPU
		{9EFD5E66-D107-4E6F-8361-58348FCBBD8F}.Release|iPhoneSimulator.ActiveCfg = Release|Any CPU
		{9EFD5E66-D107-4E6F-8361-58348FCBBD8F}.Release|iPhoneSimulator.Build.0 = Release|Any CPU
		{9EFD5E66-D107-4E6F-8361-58348FCBBD8F}.Release|x64.ActiveCfg = Release|Any CPU
		{9EFD5E66-D107-4E6F-8361-58348FCBBD8F}.Release|x64.Build.0 = Release|Any CPU
		{9EFD5E66-D107-4E6F-8361-58348FCBBD8F}.Release|x86.ActiveCfg = Release|Any CPU
		{9EFD5E66-D107-4E6F-8361-58348FCBBD8F}.Release|x86.Build.0 = Release|Any CPU
		{9A46026E-3A8C-4DBC-B075-879D099D6A0D}.Ad-Hoc|Any CPU.ActiveCfg = Release|Any CPU
		{9A46026E-3A8C-4DBC-B075-879D099D6A0D}.Ad-Hoc|Any CPU.Build.0 = Release|Any CPU
		{9A46026E-3A8C-4DBC-B075-879D099D6A0D}.Ad-Hoc|Any CPU.Deploy.0 = Release|Any CPU
		{9A46026E-3A8C-4DBC-B075-879D099D6A0D}.Ad-Hoc|ARM.ActiveCfg = Release|Any CPU
		{9A46026E-3A8C-4DBC-B075-879D099D6A0D}.Ad-Hoc|ARM.Build.0 = Release|Any CPU
		{9A46026E-3A8C-4DBC-B075-879D099D6A0D}.Ad-Hoc|ARM.Deploy.0 = Release|Any CPU
		{9A46026E-3A8C-4DBC-B075-879D099D6A0D}.Ad-Hoc|ARM64.ActiveCfg = Release|Any CPU
		{9A46026E-3A8C-4DBC-B075-879D099D6A0D}.Ad-Hoc|ARM64.Build.0 = Release|Any CPU
		{9A46026E-3A8C-4DBC-B075-879D099D6A0D}.Ad-Hoc|ARM64.Deploy.0 = Release|Any CPU
		{9A46026E-3A8C-4DBC-B075-879D099D6A0D}.Ad-Hoc|iPhone.ActiveCfg = Release|Any CPU
		{9A46026E-3A8C-4DBC-B075-879D099D6A0D}.Ad-Hoc|iPhone.Build.0 = Release|Any CPU
		{9A46026E-3A8C-4DBC-B075-879D099D6A0D}.Ad-Hoc|iPhone.Deploy.0 = Release|Any CPU
		{9A46026E-3A8C-4DBC-B075-879D099D6A0D}.Ad-Hoc|iPhoneSimulator.ActiveCfg = Release|Any CPU
		{9A46026E-3A8C-4DBC-B075-879D099D6A0D}.Ad-Hoc|iPhoneSimulator.Build.0 = Release|Any CPU
		{9A46026E-3A8C-4DBC-B075-879D099D6A0D}.Ad-Hoc|iPhoneSimulator.Deploy.0 = Release|Any CPU
		{9A46026E-3A8C-4DBC-B075-879D099D6A0D}.Ad-Hoc|x64.ActiveCfg = Release|Any CPU
		{9A46026E-3A8C-4DBC-B075-879D099D6A0D}.Ad-Hoc|x64.Build.0 = Release|Any CPU
		{9A46026E-3A8C-4DBC-B075-879D099D6A0D}.Ad-Hoc|x64.Deploy.0 = Release|Any CPU
		{9A46026E-3A8C-4DBC-B075-879D099D6A0D}.Ad-Hoc|x86.ActiveCfg = Release|Any CPU
		{9A46026E-3A8C-4DBC-B075-879D099D6A0D}.Ad-Hoc|x86.Build.0 = Release|Any CPU
		{9A46026E-3A8C-4DBC-B075-879D099D6A0D}.Ad-Hoc|x86.Deploy.0 = Release|Any CPU
		{9A46026E-3A8C-4DBC-B075-879D099D6A0D}.AppStore|Any CPU.ActiveCfg = Release|Any CPU
		{9A46026E-3A8C-4DBC-B075-879D099D6A0D}.AppStore|Any CPU.Build.0 = Release|Any CPU
		{9A46026E-3A8C-4DBC-B075-879D099D6A0D}.AppStore|Any CPU.Deploy.0 = Release|Any CPU
		{9A46026E-3A8C-4DBC-B075-879D099D6A0D}.AppStore|ARM.ActiveCfg = Release|Any CPU
		{9A46026E-3A8C-4DBC-B075-879D099D6A0D}.AppStore|ARM.Build.0 = Release|Any CPU
		{9A46026E-3A8C-4DBC-B075-879D099D6A0D}.AppStore|ARM.Deploy.0 = Release|Any CPU
		{9A46026E-3A8C-4DBC-B075-879D099D6A0D}.AppStore|ARM64.ActiveCfg = Release|Any CPU
		{9A46026E-3A8C-4DBC-B075-879D099D6A0D}.AppStore|ARM64.Build.0 = Release|Any CPU
		{9A46026E-3A8C-4DBC-B075-879D099D6A0D}.AppStore|ARM64.Deploy.0 = Release|Any CPU
		{9A46026E-3A8C-4DBC-B075-879D099D6A0D}.AppStore|iPhone.ActiveCfg = Release|Any CPU
		{9A46026E-3A8C-4DBC-B075-879D099D6A0D}.AppStore|iPhone.Build.0 = Release|Any CPU
		{9A46026E-3A8C-4DBC-B075-879D099D6A0D}.AppStore|iPhone.Deploy.0 = Release|Any CPU
		{9A46026E-3A8C-4DBC-B075-879D099D6A0D}.AppStore|iPhoneSimulator.ActiveCfg = Release|Any CPU
		{9A46026E-3A8C-4DBC-B075-879D099D6A0D}.AppStore|iPhoneSimulator.Build.0 = Release|Any CPU
		{9A46026E-3A8C-4DBC-B075-879D099D6A0D}.AppStore|iPhoneSimulator.Deploy.0 = Release|Any CPU
		{9A46026E-3A8C-4DBC-B075-879D099D6A0D}.AppStore|x64.ActiveCfg = Release|Any CPU
		{9A46026E-3A8C-4DBC-B075-879D099D6A0D}.AppStore|x64.Build.0 = Release|Any CPU
		{9A46026E-3A8C-4DBC-B075-879D099D6A0D}.AppStore|x64.Deploy.0 = Release|Any CPU
		{9A46026E-3A8C-4DBC-B075-879D099D6A0D}.AppStore|x86.ActiveCfg = Release|Any CPU
		{9A46026E-3A8C-4DBC-B075-879D099D6A0D}.AppStore|x86.Build.0 = Release|Any CPU
		{9A46026E-3A8C-4DBC-B075-879D099D6A0D}.AppStore|x86.Deploy.0 = Release|Any CPU
		{9A46026E-3A8C-4DBC-B075-879D099D6A0D}.Debug|Any CPU.ActiveCfg = Debug|Any CPU
		{9A46026E-3A8C-4DBC-B075-879D099D6A0D}.Debug|Any CPU.Build.0 = Debug|Any CPU
		{9A46026E-3A8C-4DBC-B075-879D099D6A0D}.Debug|Any CPU.Deploy.0 = Debug|Any CPU
		{9A46026E-3A8C-4DBC-B075-879D099D6A0D}.Debug|ARM.ActiveCfg = Debug|Any CPU
		{9A46026E-3A8C-4DBC-B075-879D099D6A0D}.Debug|ARM.Build.0 = Debug|Any CPU
		{9A46026E-3A8C-4DBC-B075-879D099D6A0D}.Debug|ARM.Deploy.0 = Debug|Any CPU
		{9A46026E-3A8C-4DBC-B075-879D099D6A0D}.Debug|ARM64.ActiveCfg = Debug|Any CPU
		{9A46026E-3A8C-4DBC-B075-879D099D6A0D}.Debug|ARM64.Build.0 = Debug|Any CPU
		{9A46026E-3A8C-4DBC-B075-879D099D6A0D}.Debug|ARM64.Deploy.0 = Debug|Any CPU
		{9A46026E-3A8C-4DBC-B075-879D099D6A0D}.Debug|iPhone.ActiveCfg = Debug|Any CPU
		{9A46026E-3A8C-4DBC-B075-879D099D6A0D}.Debug|iPhone.Build.0 = Debug|Any CPU
		{9A46026E-3A8C-4DBC-B075-879D099D6A0D}.Debug|iPhone.Deploy.0 = Debug|Any CPU
		{9A46026E-3A8C-4DBC-B075-879D099D6A0D}.Debug|iPhoneSimulator.ActiveCfg = Debug|Any CPU
		{9A46026E-3A8C-4DBC-B075-879D099D6A0D}.Debug|iPhoneSimulator.Build.0 = Debug|Any CPU
		{9A46026E-3A8C-4DBC-B075-879D099D6A0D}.Debug|iPhoneSimulator.Deploy.0 = Debug|Any CPU
		{9A46026E-3A8C-4DBC-B075-879D099D6A0D}.Debug|x64.ActiveCfg = Debug|Any CPU
		{9A46026E-3A8C-4DBC-B075-879D099D6A0D}.Debug|x64.Build.0 = Debug|Any CPU
		{9A46026E-3A8C-4DBC-B075-879D099D6A0D}.Debug|x64.Deploy.0 = Debug|Any CPU
		{9A46026E-3A8C-4DBC-B075-879D099D6A0D}.Debug|x86.ActiveCfg = Debug|Any CPU
		{9A46026E-3A8C-4DBC-B075-879D099D6A0D}.Debug|x86.Build.0 = Debug|Any CPU
		{9A46026E-3A8C-4DBC-B075-879D099D6A0D}.Debug|x86.Deploy.0 = Debug|Any CPU
		{9A46026E-3A8C-4DBC-B075-879D099D6A0D}.Release|Any CPU.ActiveCfg = Release|Any CPU
		{9A46026E-3A8C-4DBC-B075-879D099D6A0D}.Release|Any CPU.Build.0 = Release|Any CPU
		{9A46026E-3A8C-4DBC-B075-879D099D6A0D}.Release|Any CPU.Deploy.0 = Release|Any CPU
		{9A46026E-3A8C-4DBC-B075-879D099D6A0D}.Release|ARM.ActiveCfg = Release|Any CPU
		{9A46026E-3A8C-4DBC-B075-879D099D6A0D}.Release|ARM.Build.0 = Release|Any CPU
		{9A46026E-3A8C-4DBC-B075-879D099D6A0D}.Release|ARM.Deploy.0 = Release|Any CPU
		{9A46026E-3A8C-4DBC-B075-879D099D6A0D}.Release|ARM64.ActiveCfg = Release|Any CPU
		{9A46026E-3A8C-4DBC-B075-879D099D6A0D}.Release|ARM64.Build.0 = Release|Any CPU
		{9A46026E-3A8C-4DBC-B075-879D099D6A0D}.Release|ARM64.Deploy.0 = Release|Any CPU
		{9A46026E-3A8C-4DBC-B075-879D099D6A0D}.Release|iPhone.ActiveCfg = Release|Any CPU
		{9A46026E-3A8C-4DBC-B075-879D099D6A0D}.Release|iPhone.Build.0 = Release|Any CPU
		{9A46026E-3A8C-4DBC-B075-879D099D6A0D}.Release|iPhone.Deploy.0 = Release|Any CPU
		{9A46026E-3A8C-4DBC-B075-879D099D6A0D}.Release|iPhoneSimulator.ActiveCfg = Release|Any CPU
		{9A46026E-3A8C-4DBC-B075-879D099D6A0D}.Release|iPhoneSimulator.Build.0 = Release|Any CPU
		{9A46026E-3A8C-4DBC-B075-879D099D6A0D}.Release|iPhoneSimulator.Deploy.0 = Release|Any CPU
		{9A46026E-3A8C-4DBC-B075-879D099D6A0D}.Release|x64.ActiveCfg = Release|Any CPU
		{9A46026E-3A8C-4DBC-B075-879D099D6A0D}.Release|x64.Build.0 = Release|Any CPU
		{9A46026E-3A8C-4DBC-B075-879D099D6A0D}.Release|x64.Deploy.0 = Release|Any CPU
		{9A46026E-3A8C-4DBC-B075-879D099D6A0D}.Release|x86.ActiveCfg = Release|Any CPU
		{9A46026E-3A8C-4DBC-B075-879D099D6A0D}.Release|x86.Build.0 = Release|Any CPU
		{9A46026E-3A8C-4DBC-B075-879D099D6A0D}.Release|x86.Deploy.0 = Release|Any CPU
	EndGlobalSection
	GlobalSection(SolutionProperties) = preSolution
		HideSolutionNode = FALSE
	EndGlobalSection
	GlobalSection(NestedProjects) = preSolution
		{6D77D9F7-85BB-45EA-A467-8AC2882608D0} = {9945E0D0-2CCF-43ED-8838-F3EA0F9388E9}
		{4B6ED6E0-CA5E-4CE1-AD7A-B9F159949534} = {9945E0D0-2CCF-43ED-8838-F3EA0F9388E9}
		{6AB891FB-9B1A-4C9F-AEAD-02EEFB436F1F} = {9945E0D0-2CCF-43ED-8838-F3EA0F9388E9}
		{E62A7BA6-14A0-4DE8-927F-4A9AF4279FF3} = {9945E0D0-2CCF-43ED-8838-F3EA0F9388E9}
		{D5B52328-DCFC-4E39-A343-678E4C9212CB} = {9945E0D0-2CCF-43ED-8838-F3EA0F9388E9}
	EndGlobalSection
EndGlobal
